# DO NOT EDIT MANUALLY - Managed by Fern Replay
version: "1.0"
generations:
  - commit_sha: dd2cccd1b4a13ccb01206af9bcca53d8365cf8e3
    tree_hash: 15342dab0d34c2f4f7678d42e42b630921160667
    timestamp: 2026-07-03T12:00:51.160Z
    cli_version: unknown
    generator_versions: {}
current_generation: dd2cccd1b4a13ccb01206af9bcca53d8365cf8e3
patches: []
